{
  "name": "@zsqk/taobao-sdk",
  "version": "0.0.1",
  "lockfileVersion": 1,
  "requires": true,
  "dependencies": {
    "@types/aws-lambda": {
      "version": "8.10.24",
      "resolved": "https://registry.npmjs.org/@types/aws-lambda/-/aws-lambda-8.10.24.tgz",
      "integrity": "sha512-9F70bcb2oBGZUZCyisE1Ap3vwgt04uiSmr4s9mhQf89vBrttgraBs2Rc8l9YrKiemCndCH7wxnYNWk5qEuv6rA==",
      "dev": true
    },
    "@types/node": {
      "version": "11.13.5",
      "resolved": "https://registry.npmjs.org/@types/node/-/node-11.13.5.tgz",
      "integrity": "sha512-/OMMBnjVtDuwX1tg2pkYVSqRIDSmNTnvVvmvP/2xiMAAWf4a5+JozrApCrO4WCAILmXVxfNoQ3E+0HJbNpFVGg==",
      "dev": true
    },
    "typescript": {
      "version": "3.4.4",
      "resolved": "https://registry.npmjs.org/typescript/-/typescript-3.4.4.tgz",
      "integrity": "sha512-xt5RsIRCEaf6+j9AyOBgvVuAec0i92rgCaS3S+UVf5Z/vF2Hvtsw08wtUTJqp4djwznoAgjSxeCcU4r+CcDBJA==",
      "dev": true
    }
  }
}
